
Microsoft Visual Studio Solution File, Format Version 12.00
# Visual Studio Version 17
VisualStudioVersion = 17.4.33103.184
MinimumVisualStudioVersion = 10.0.40219.1
Project("{9A19103F-16F7-4668-BE54-9A1E7A4F7556}") = "ClassesLibrary", "ClassesLibrary\ClassesLibrary.csproj", "{185B400C-C111-40FB-9EFD-6A81FF52A2BE}"
EndProject
Project("{FAE04EC0-301F-11D3-BF4B-00C04F79EFBC}") = "ClassesTests", "ClassesTests\ClassesTests.csproj", "{E846603E-09B0-47F5-9677-AAE29B05C801}"
EndProject
Global
	GlobalSection(SolutionConfigurationPlatforms) = preSolution
		Debug|Any CPU = Debug|Any CPU
		Release|Any CPU = Release|Any CPU
	EndGlobalSection
	GlobalSection(ProjectConfigurationPlatforms) = postSolution
		{185B400C-C111-40FB-9EFD-6A81FF52A2BE}.Debug|Any CPU.ActiveCfg = Debug|Any CPU
		{185B400C-C111-40FB-9EFD-6A81FF52A2BE}.Debug|Any CPU.Build.0 = Debug|Any CPU
		{185B400C-C111-40FB-9EFD-6A81FF52A2BE}.Release|Any CPU.ActiveCfg = Release|Any CPU
		{185B400C-C111-40FB-9EFD-6A81FF52A2BE}.Release|Any CPU.Build.0 = Release|Any CPU
		{E846603E-09B0-47F5-9677-AAE29B05C801}.Debug|Any CPU.ActiveCfg = Debug|Any CPU
		{E846603E-09B0-47F5-9677-AAE29B05C801}.Debug|Any CPU.Build.0 = Debug|Any CPU
		{E846603E-09B0-47F5-9677-AAE29B05C801}.Release|Any CPU.ActiveCfg = Release|Any CPU
		{E846603E-09B0-47F5-9677-AAE29B05C801}.Release|Any CPU.Build.0 = Release|Any CPU
	EndGlobalSection
	GlobalSection(SolutionProperties) = preSolution
		HideSolutionNode = FALSE
	EndGlobalSection
	GlobalSection(ExtensibilityGlobals) = postSolution
		SolutionGuid = {5491D089-0A9F-448B-A6B1-36D0E90DD99E}
	EndGlobalSection
EndGlobal
